
Microsoft Visual Studio Solution File, Format Version 12.00
# Visual Studio 2012
Project("{FAE04EC0-301F-11D3-BF4B-00C04F79EFBC}") = "p01_HelloName", "p01_HelloName\p01_HelloName.csproj", "{EBAA8FAE-39B4-47FC-BE1A-A1980E4CF84C}"
EndProject
Project("{FAE04EC0-301F-11D3-BF4B-00C04F79EFBC}") = "p02_GetMax", "p02_GetMax\p02_GetMax.csproj", "{EB17208B-89D7-4696-8B75-F85DE5794B61}"
EndProject
Project("{FAE04EC0-301F-11D3-BF4B-00C04F79EFBC}") = "p03_NameOfLastDigit", "p03_NameOfLastDigit\p03_NameOfLastDigit.csproj", "{01AF3E2F-8A94-4CCF-A342-4C5A70A74358}"
EndProject
Project("{FAE04EC0-301F-11D3-BF4B-00C04F79EFBC}") = "p04_ReverseInteger", "p04_ReverseInteger\p04_ReverseInteger.csproj", "{F60B753E-23AD-47C1-AA59-F228F8990183}"
EndProject
Project("{FAE04EC0-301F-11D3-BF4B-00C04F79EFBC}") = "p05_FibonacciNumebers", "p05_FibonacciNumebers\p05_FibonacciNumebers.csproj", "{F307D679-C7B6-442C-A746-D0BC195EED91}"
EndProject
Project("{FAE04EC0-301F-11D3-BF4B-00C04F79EFBC}") = "p06_MethodFromPrime", "p06_MethodFromPrime\p06_MethodFromPrime.csproj", "{F34B335C-B413-4C84-AAD4-7628B7F52FFC}"
EndProject
Project("{FAE04EC0-301F-11D3-BF4B-00C04F79EFBC}") = "p07_PrimesInGivenRange", "p07_PrimesInGivenRange\p07_PrimesInGivenRange.csproj", "{53C5AFAC-0A03-4B82-A35F-898E09899006}"
EndProject
Project("{FAE04EC0-301F-11D3-BF4B-00C04F79EFBC}") = "p08_CenterPoint", "p08_CenterPoint\p08_CenterPoint.csproj", "{5B3064B4-CA41-40AC-9782-AA11CCD6561A}"
EndProject
Project("{FAE04EC0-301F-11D3-BF4B-00C04F79EFBC}") = "p09_LongerLine", "p09_LongerLine\p09_LongerLine.csproj", "{C0834DAA-7364-4BEB-9F23-BF7330455965}"
EndProject
Project("{FAE04EC0-301F-11D3-BF4B-00C04F79EFBC}") = "p10_CubeProperties", "p10_CubeProperties\p10_CubeProperties.csproj", "{B77D1DB8-7989-4C83-AC96-4753C144E61A}"
EndProject
Project("{FAE04EC0-301F-11D3-BF4B-00C04F79EFBC}") = "p11_GeometryCalculator", "p11_GeometryCalculator\p11_GeometryCalculator.csproj", "{C0DC4596-8D4B-48D3-B4C6-23B648393DBE}"
EndProject
Project("{FAE04EC0-301F-11D3-BF4B-00C04F79EFBC}") = "p12_MagiKnUmbers", "p12_MagiKnUmbers\p12_MagiKnUmbers.csproj", "{6530F99D-FE45-4AE8-86D8-127D1A2D8CE3}"
EndProject
Global
	GlobalSection(SolutionConfigurationPlatforms) = preSolution
		Debug|x86 = Debug|x86
		Release|x86 = Release|x86
	EndGlobalSection
	GlobalSection(ProjectConfigurationPlatforms) = postSolution
		{EBAA8FAE-39B4-47FC-BE1A-A1980E4CF84C}.Debug|x86.ActiveCfg = Debug|x86
		{EBAA8FAE-39B4-47FC-BE1A-A1980E4CF84C}.Debug|x86.Build.0 = Debug|x86
		{EBAA8FAE-39B4-47FC-BE1A-A1980E4CF84C}.Release|x86.ActiveCfg = Release|x86
		{EBAA8FAE-39B4-47FC-BE1A-A1980E4CF84C}.Release|x86.Build.0 = Release|x86
		{EB17208B-89D7-4696-8B75-F85DE5794B61}.Debug|x86.ActiveCfg = Debug|x86
		{EB17208B-89D7-4696-8B75-F85DE5794B61}.Debug|x86.Build.0 = Debug|x86
		{EB17208B-89D7-4696-8B75-F85DE5794B61}.Release|x86.ActiveCfg = Release|x86
		{EB17208B-89D7-4696-8B75-F85DE5794B61}.Release|x86.Build.0 = Release|x86
		{01AF3E2F-8A94-4CCF-A342-4C5A70A74358}.Debug|x86.ActiveCfg = Debug|x86
		{01AF3E2F-8A94-4CCF-A342-4C5A70A74358}.Debug|x86.Build.0 = Debug|x86
		{01AF3E2F-8A94-4CCF-A342-4C5A70A74358}.Release|x86.ActiveCfg = Release|x86
		{01AF3E2F-8A94-4CCF-A342-4C5A70A74358}.Release|x86.Build.0 = Release|x86
		{F60B753E-23AD-47C1-AA59-F228F8990183}.Debug|x86.ActiveCfg = Debug|x86
		{F60B753E-23AD-47C1-AA59-F228F8990183}.Debug|x86.Build.0 = Debug|x86
		{F60B753E-23AD-47C1-AA59-F228F8990183}.Release|x86.ActiveCfg = Release|x86
		{F60B753E-23AD-47C1-AA59-F228F8990183}.Release|x86.Build.0 = Release|x86
		{F307D679-C7B6-442C-A746-D0BC195EED91}.Debug|x86.ActiveCfg = Debug|x86
		{F307D679-C7B6-442C-A746-D0BC195EED91}.Debug|x86.Build.0 = Debug|x86
		{F307D679-C7B6-442C-A746-D0BC195EED91}.Release|x86.ActiveCfg = Release|x86
		{F307D679-C7B6-442C-A746-D0BC195EED91}.Release|x86.Build.0 = Release|x86
		{F34B335C-B413-4C84-AAD4-7628B7F52FFC}.Debug|x86.ActiveCfg = Debug|x86
		{F34B335C-B413-4C84-AAD4-7628B7F52FFC}.Debug|x86.Build.0 = Debug|x86
		{F34B335C-B413-4C84-AAD4-7628B7F52FFC}.Release|x86.ActiveCfg = Release|x86
		{F34B335C-B413-4C84-AAD4-7628B7F52FFC}.Release|x86.Build.0 = Release|x86
		{53C5AFAC-0A03-4B82-A35F-898E09899006}.Debug|x86.ActiveCfg = Debug|x86
		{53C5AFAC-0A03-4B82-A35F-898E09899006}.Debug|x86.Build.0 = Debug|x86
		{53C5AFAC-0A03-4B82-A35F-898E09899006}.Release|x86.ActiveCfg = Release|x86
		{53C5AFAC-0A03-4B82-A35F-898E09899006}.Release|x86.Build.0 = Release|x86
		{5B3064B4-CA41-40AC-9782-AA11CCD6561A}.Debug|x86.ActiveCfg = Debug|x86
		{5B3064B4-CA41-40AC-9782-AA11CCD6561A}.Debug|x86.Build.0 = Debug|x86
		{5B3064B4-CA41-40AC-9782-AA11CCD6561A}.Release|x86.ActiveCfg = Release|x86
		{5B3064B4-CA41-40AC-9782-AA11CCD6561A}.Release|x86.Build.0 = Release|x86
		{C0834DAA-7364-4BEB-9F23-BF7330455965}.Debug|x86.ActiveCfg = Debug|x86
		{C0834DAA-7364-4BEB-9F23-BF7330455965}.Debug|x86.Build.0 = Debug|x86
		{C0834DAA-7364-4BEB-9F23-BF7330455965}.Release|x86.ActiveCfg = Release|x86
		{C0834DAA-7364-4BEB-9F23-BF7330455965}.Release|x86.Build.0 = Release|x86
		{B77D1DB8-7989-4C83-AC96-4753C144E61A}.Debug|x86.ActiveCfg = Debug|x86
		{B77D1DB8-7989-4C83-AC96-4753C144E61A}.Debug|x86.Build.0 = Debug|x86
		{B77D1DB8-7989-4C83-AC96-4753C144E61A}.Release|x86.ActiveCfg = Release|x86
		{B77D1DB8-7989-4C83-AC96-4753C144E61A}.Release|x86.Build.0 = Release|x86
		{C0DC4596-8D4B-48D3-B4C6-23B648393DBE}.Debug|x86.ActiveCfg = Debug|x86
		{C0DC4596-8D4B-48D3-B4C6-23B648393DBE}.Debug|x86.Build.0 = Debug|x86
		{C0DC4596-8D4B-48D3-B4C6-23B648393DBE}.Release|x86.ActiveCfg = Release|x86
		{C0DC4596-8D4B-48D3-B4C6-23B648393DBE}.Release|x86.Build.0 = Release|x86
		{6530F99D-FE45-4AE8-86D8-127D1A2D8CE3}.Debug|x86.ActiveCfg = Debug|x86
		{6530F99D-FE45-4AE8-86D8-127D1A2D8CE3}.Debug|x86.Build.0 = Debug|x86
		{6530F99D-FE45-4AE8-86D8-127D1A2D8CE3}.Release|x86.ActiveCfg = Release|x86
		{6530F99D-FE45-4AE8-86D8-127D1A2D8CE3}.Release|x86.Build.0 = Release|x86
	EndGlobalSection
EndGlobal
